
Microsoft Visual Studio Solution File, Format Version 12.00
# Visual Studio Version 17
VisualStudioVersion = 17.2.32630.192
MinimumVisualStudioVersion = 10.0.40219.1
Project("{9A19103F-16F7-4668-BE54-9A1E7A4F7556}") = "R5T.T0212", "R5T.T0212\R5T.T0212.csproj", "{C1A6A248-F7E8-4B9D-B79F-E6C6E3F47BB4}"
EndProject
Project("{2150E333-8FDC-42A3-9474-1A3956D46DE8}") = "_Dependencies", "_Dependencies", "{97AC3E25-47D2-4088-B98C-7715D0FC590B}"
EndProject
Project("{9A19103F-16F7-4668-BE54-9A1E7A4F7556}") = "R5T.T0132", "..\..\R5T.T0132\source\R5T.T0132\R5T.T0132.csproj", "{C79CE46A-F20E-4008-BC30-5E7CCD673D0C}"
EndProject
Project("{9A19103F-16F7-4668-BE54-9A1E7A4F7556}") = "R5T.T0143", "..\..\R5T.T0143\source\R5T.T0143\R5T.T0143.csproj", "{2338DEFA-6069-4560-AF86-11F1CD8A661B}"
EndProject
Project("{9A19103F-16F7-4668-BE54-9A1E7A4F7556}") = "R5T.T0178", "..\..\R5T.T0178\source\R5T.T0178\R5T.T0178.csproj", "{91B722E2-0ABB-4324-BE7B-C9648C714801}"
EndProject
Project("{9A19103F-16F7-4668-BE54-9A1E7A4F7556}") = "R5T.T0179", "..\..\R5T.T0179\source\R5T.T0179\R5T.T0179.csproj", "{A003B69C-F0BD-44A6-B58D-7DAC02F1DEE4}"
EndProject
Project("{9A19103F-16F7-4668-BE54-9A1E7A4F7556}") = "R5T.T0185", "..\..\R5T.T0185\source\R5T.T0185\R5T.T0185.csproj", "{C1677245-320A-471D-B745-84B9C00A689F}"
EndProject
Project("{9A19103F-16F7-4668-BE54-9A1E7A4F7556}") = "R5T.T0203", "..\..\R5T.T0203\source\R5T.T0203\R5T.T0203.csproj", "{A8D8D827-6B41-4D67-8EF2-86B07ADD6521}"
EndProject
Project("{9A19103F-16F7-4668-BE54-9A1E7A4F7556}") = "R5T.T0212.Z000", "R5T.T0212.Z000\R5T.T0212.Z000.csproj", "{F33A4946-1414-404A-A3FD-B0B5C1E0C7DC}"
EndProject
Project("{9A19103F-16F7-4668-BE54-9A1E7A4F7556}") = "R5T.F0000", "..\..\R5T.F0000\source\R5T.F0000\R5T.F0000.csproj", "{4AEC0073-3502-4F63-9535-137481E873A3}"
EndProject
Project("{9A19103F-16F7-4668-BE54-9A1E7A4F7556}") = "R5T.L0030.T000", "..\..\R5T.L0030\source\R5T.L0030.T000\R5T.L0030.T000.csproj", "{1AE47107-8752-4452-80AB-34608C721FE6}"
EndProject
Project("{9A19103F-16F7-4668-BE54-9A1E7A4F7556}") = "R5T.T0131", "..\..\R5T.T0131\source\R5T.T0131\R5T.T0131.csproj", "{68D3D284-F24A-4E9E-A95B-FAC211E36E1D}"
EndProject
Project("{9A19103F-16F7-4668-BE54-9A1E7A4F7556}") = "R5T.T0142", "..\..\R5T.T0142\source\R5T.T0142\R5T.T0142.csproj", "{BA746AF5-6CE2-4D64-851A-0D67F9858092}"
EndProject
Project("{9A19103F-16F7-4668-BE54-9A1E7A4F7556}") = "R5T.T0156", "..\..\R5T.T0156\source\R5T.T0156\R5T.T0156.csproj", "{DA4AA407-F2CC-4E30-9319-0D51E50ECEDE}"
EndProject
Project("{9A19103F-16F7-4668-BE54-9A1E7A4F7556}") = "R5T.Y0000", "..\..\R5T.Y0000\source\R5T.Y0000\R5T.Y0000.csproj", "{9F40AA4D-F75A-432D-84CA-835B9B917EBD}"
EndProject
Project("{9A19103F-16F7-4668-BE54-9A1E7A4F7556}") = "R5T.Z0000", "..\..\R5T.Z0000\source\R5T.Z0000\R5T.Z0000.csproj", "{C108B4B7-AA87-4897-80AF-5A30B25A5360}"
EndProject
Project("{9A19103F-16F7-4668-BE54-9A1E7A4F7556}") = "R5T.T0212.F000", "R5T.T0212.F000\R5T.T0212.F000.csproj", "{71B8E4B7-7392-4DDC-B705-D7C89346CBEF}"
EndProject
Project("{9A19103F-16F7-4668-BE54-9A1E7A4F7556}") = "R5T.F0002", "..\..\R5T.F0002\source\R5T.F0002\R5T.F0002.csproj", "{CEAE8C72-DFE6-484E-8960-F6F2ACA761E0}"
EndProject
Project("{9A19103F-16F7-4668-BE54-9A1E7A4F7556}") = "R5T.F0120", "..\..\R5T.F0120\source\R5T.F0120\R5T.F0120.csproj", "{C521CF8E-7306-4E2D-9B27-647A363E262B}"
EndProject
Project("{9A19103F-16F7-4668-BE54-9A1E7A4F7556}") = "R5T.F0124", "..\..\R5T.F0124\source\R5T.F0124\R5T.F0124.csproj", "{1F20BEFE-A9F6-430E-B65B-462348612A68}"
EndProject
Project("{9A19103F-16F7-4668-BE54-9A1E7A4F7556}") = "R5T.F0125", "..\..\R5T.F0125\source\R5T.F0125\R5T.F0125.csproj", "{AEA36E00-5ACD-4BA6-8F29-7EE66E88499E}"
EndProject
Project("{9A19103F-16F7-4668-BE54-9A1E7A4F7556}") = "R5T.L0030", "..\..\R5T.L0030\source\R5T.L0030\R5T.L0030.csproj", "{BE5ACB3B-AAA9-424F-B59B-60571EE89E46}"
EndProject
Project("{9A19103F-16F7-4668-BE54-9A1E7A4F7556}") = "R5T.L0034", "..\..\R5T.L0034\source\R5T.L0034\R5T.L0034.csproj", "{AFADB919-567B-43A0-A3FC-FACDB4D1C340}"
EndProject
Project("{9A19103F-16F7-4668-BE54-9A1E7A4F7556}") = "R5T.L0035", "..\..\R5T.L0035\source\R5T.L0035\R5T.L0035.csproj", "{6014135A-1D65-437A-A065-63D800724FCF}"
EndProject
Project("{9A19103F-16F7-4668-BE54-9A1E7A4F7556}") = "R5T.NG0022", "..\..\R5T.NG0022\source\R5T.NG0022\R5T.NG0022.csproj", "{A42484AE-2525-4857-891A-B563F7653C98}"
EndProject
Project("{9A19103F-16F7-4668-BE54-9A1E7A4F7556}") = "R5T.T0174", "..\..\R5T.T0174\source\R5T.T0174\R5T.T0174.csproj", "{FA9183BC-B7D6-48F3-81C5-118BAF1D2FD6}"
EndProject
Project("{9A19103F-16F7-4668-BE54-9A1E7A4F7556}") = "R5T.T0176", "..\..\R5T.T0176\source\R5T.T0176\R5T.T0176.csproj", "{07314CA7-0DFB-422A-8D33-CBA0AC3FA61A}"
EndProject
Project("{9A19103F-16F7-4668-BE54-9A1E7A4F7556}") = "R5T.T0177", "..\..\R5T.T0177\source\R5T.T0177\R5T.T0177.csproj", "{955F5228-8DEF-47D1-B6ED-B246DDAE18A8}"
EndProject
Project("{9A19103F-16F7-4668-BE54-9A1E7A4F7556}") = "R5T.T0180", "..\..\R5T.T0180\source\R5T.T0180\R5T.T0180.csproj", "{A6282026-4D9C-425F-B401-7375051E810C}"
EndProject
Project("{9A19103F-16F7-4668-BE54-9A1E7A4F7556}") = "R5T.T0181", "..\..\R5T.T0181\source\R5T.T0181\R5T.T0181.csproj", "{E5D1A6CF-D4B1-41E6-AC09-E65B4A982ACC}"
EndProject
Project("{9A19103F-16F7-4668-BE54-9A1E7A4F7556}") = "R5T.T0150", "..\..\R5T.T0150\source\R5T.T0150\R5T.T0150.csproj", "{5E8ED978-03FA-441C-9136-97A9F39F9AD2}"
EndProject
Project("{9A19103F-16F7-4668-BE54-9A1E7A4F7556}") = "R5T.T0151", "..\..\R5T.T0151\source\R5T.T0151\R5T.T0151.csproj", "{8DD67E75-86C2-45D7-B0B6-917E9536386A}"
EndProject
Project("{9A19103F-16F7-4668-BE54-9A1E7A4F7556}") = "R5T.T0172", "..\..\R5T.T0172\source\R5T.T0172\R5T.T0172.csproj", "{C401825E-46C4-4ED7-BF18-0C98897FC1C4}"
EndProject
Project("{9A19103F-16F7-4668-BE54-9A1E7A4F7556}") = "R5T.T0213", "..\..\R5T.T0213\source\R5T.T0213\R5T.T0213.csproj", "{C80EC9DD-2B9D-4E9A-BE28-8E4C59F70646}"
EndProject
Project("{9A19103F-16F7-4668-BE54-9A1E7A4F7556}") = "R5T.T0162", "..\..\R5T.T0162\source\R5T.T0162\R5T.T0162.csproj", "{F4CF337C-D676-4EAB-99EC-D04C35C91F08}"
EndProject
Project("{9A19103F-16F7-4668-BE54-9A1E7A4F7556}") = "R5T.T0211", "..\..\R5T.T0211\source\R5T.T0211\R5T.T0211.csproj", "{728A8DBA-8C4D-47FC-9876-6521F0E12724}"
EndProject
Project("{9A19103F-16F7-4668-BE54-9A1E7A4F7556}") = "R5T.T0218", "..\..\R5T.T0218\source\R5T.T0218\R5T.T0218.csproj", "{0F2FCA2C-0673-43EE-BFC7-79BA5E062208}"
EndProject
Global
	GlobalSection(NestedProjects) = preSolution
		{C79CE46A-F20E-4008-BC30-5E7CCD673D0C} = {97AC3E25-47D2-4088-B98C-7715D0FC590B}
		{2338DEFA-6069-4560-AF86-11F1CD8A661B} = {97AC3E25-47D2-4088-B98C-7715D0FC590B}
		{91B722E2-0ABB-4324-BE7B-C9648C714801} = {97AC3E25-47D2-4088-B98C-7715D0FC590B}
		{A003B69C-F0BD-44A6-B58D-7DAC02F1DEE4} = {97AC3E25-47D2-4088-B98C-7715D0FC590B}
		{C1677245-320A-471D-B745-84B9C00A689F} = {97AC3E25-47D2-4088-B98C-7715D0FC590B}
		{A8D8D827-6B41-4D67-8EF2-86B07ADD6521} = {97AC3E25-47D2-4088-B98C-7715D0FC590B}
		{4AEC0073-3502-4F63-9535-137481E873A3} = {97AC3E25-47D2-4088-B98C-7715D0FC590B}
		{1AE47107-8752-4452-80AB-34608C721FE6} = {97AC3E25-47D2-4088-B98C-7715D0FC590B}
		{68D3D284-F24A-4E9E-A95B-FAC211E36E1D} = {97AC3E25-47D2-4088-B98C-7715D0FC590B}
		{BA746AF5-6CE2-4D64-851A-0D67F9858092} = {97AC3E25-47D2-4088-B98C-7715D0FC590B}
		{DA4AA407-F2CC-4E30-9319-0D51E50ECEDE} = {97AC3E25-47D2-4088-B98C-7715D0FC590B}
		{9F40AA4D-F75A-432D-84CA-835B9B917EBD} = {97AC3E25-47D2-4088-B98C-7715D0FC590B}
		{C108B4B7-AA87-4897-80AF-5A30B25A5360} = {97AC3E25-47D2-4088-B98C-7715D0FC590B}
		{CEAE8C72-DFE6-484E-8960-F6F2ACA761E0} = {97AC3E25-47D2-4088-B98C-7715D0FC590B}
		{C521CF8E-7306-4E2D-9B27-647A363E262B} = {97AC3E25-47D2-4088-B98C-7715D0FC590B}
		{1F20BEFE-A9F6-430E-B65B-462348612A68} = {97AC3E25-47D2-4088-B98C-7715D0FC590B}
		{AEA36E00-5ACD-4BA6-8F29-7EE66E88499E} = {97AC3E25-47D2-4088-B98C-7715D0FC590B}
		{BE5ACB3B-AAA9-424F-B59B-60571EE89E46} = {97AC3E25-47D2-4088-B98C-7715D0FC590B}
		{AFADB919-567B-43A0-A3FC-FACDB4D1C340} = {97AC3E25-47D2-4088-B98C-7715D0FC590B}
		{6014135A-1D65-437A-A065-63D800724FCF} = {97AC3E25-47D2-4088-B98C-7715D0FC590B}
		{A42484AE-2525-4857-891A-B563F7653C98} = {97AC3E25-47D2-4088-B98C-7715D0FC590B}
		{FA9183BC-B7D6-48F3-81C5-118BAF1D2FD6} = {97AC3E25-47D2-4088-B98C-7715D0FC590B}
		{07314CA7-0DFB-422A-8D33-CBA0AC3FA61A} = {97AC3E25-47D2-4088-B98C-7715D0FC590B}
		{955F5228-8DEF-47D1-B6ED-B246DDAE18A8} = {97AC3E25-47D2-4088-B98C-7715D0FC590B}
		{A6282026-4D9C-425F-B401-7375051E810C} = {97AC3E25-47D2-4088-B98C-7715D0FC590B}
		{E5D1A6CF-D4B1-41E6-AC09-E65B4A982ACC} = {97AC3E25-47D2-4088-B98C-7715D0FC590B}
		{5E8ED978-03FA-441C-9136-97A9F39F9AD2} = {97AC3E25-47D2-4088-B98C-7715D0FC590B}
		{8DD67E75-86C2-45D7-B0B6-917E9536386A} = {97AC3E25-47D2-4088-B98C-7715D0FC590B}
		{C401825E-46C4-4ED7-BF18-0C98897FC1C4} = {97AC3E25-47D2-4088-B98C-7715D0FC590B}
		{C80EC9DD-2B9D-4E9A-BE28-8E4C59F70646} = {97AC3E25-47D2-4088-B98C-7715D0FC590B}
		{F4CF337C-D676-4EAB-99EC-D04C35C91F08} = {97AC3E25-47D2-4088-B98C-7715D0FC590B}
		{728A8DBA-8C4D-47FC-9876-6521F0E12724} = {97AC3E25-47D2-4088-B98C-7715D0FC590B}
		{0F2FCA2C-0673-43EE-BFC7-79BA5E062208} = {97AC3E25-47D2-4088-B98C-7715D0FC590B}
	EndGlobalSection
	GlobalSection(SolutionConfigurationPlatforms) = preSolution
		Debug|Any CPU = Debug|Any CPU
		Release|Any CPU = Release|Any CPU
	EndGlobalSection
	GlobalSection(ProjectConfigurationPlatforms) = postSolution
		{C1A6A248-F7E8-4B9D-B79F-E6C6E3F47BB4}.Debug|Any CPU.ActiveCfg = Debug|Any CPU
		{C1A6A248-F7E8-4B9D-B79F-E6C6E3F47BB4}.Debug|Any CPU.Build.0 = Debug|Any CPU
		{C1A6A248-F7E8-4B9D-B79F-E6C6E3F47BB4}.Release|Any CPU.ActiveCfg = Release|Any CPU
		{C1A6A248-F7E8-4B9D-B79F-E6C6E3F47BB4}.Release|Any CPU.Build.0 = Release|Any CPU
		{C79CE46A-F20E-4008-BC30-5E7CCD673D0C}.Debug|Any CPU.ActiveCfg = Debug|Any CPU
		{C79CE46A-F20E-4008-BC30-5E7CCD673D0C}.Debug|Any CPU.Build.0 = Debug|Any CPU
		{C79CE46A-F20E-4008-BC30-5E7CCD673D0C}.Release|Any CPU.ActiveCfg = Release|Any CPU
		{C79CE46A-F20E-4008-BC30-5E7CCD673D0C}.Release|Any CPU.Build.0 = Release|Any CPU
		{2338DEFA-6069-4560-AF86-11F1CD8A661B}.Debug|Any CPU.ActiveCfg = Debug|Any CPU
		{2338DEFA-6069-4560-AF86-11F1CD8A661B}.Debug|Any CPU.Build.0 = Debug|Any CPU
		{2338DEFA-6069-4560-AF86-11F1CD8A661B}.Release|Any CPU.ActiveCfg = Release|Any CPU
		{2338DEFA-6069-4560-AF86-11F1CD8A661B}.Release|Any CPU.Build.0 = Release|Any CPU
		{91B722E2-0ABB-4324-BE7B-C9648C714801}.Debug|Any CPU.ActiveCfg = Debug|Any CPU
		{91B722E2-0ABB-4324-BE7B-C9648C714801}.Debug|Any CPU.Build.0 = Debug|Any CPU
		{91B722E2-0ABB-4324-BE7B-C9648C714801}.Release|Any CPU.ActiveCfg = Release|Any CPU
		{91B722E2-0ABB-4324-BE7B-C9648C714801}.Release|Any CPU.Build.0 = Release|Any CPU
		{A003B69C-F0BD-44A6-B58D-7DAC02F1DEE4}.Debug|Any CPU.ActiveCfg = Debug|Any CPU
		{A003B69C-F0BD-44A6-B58D-7DAC02F1DEE4}.Debug|Any CPU.Build.0 = Debug|Any CPU
		{A003B69C-F0BD-44A6-B58D-7DAC02F1DEE4}.Release|Any CPU.ActiveCfg = Release|Any CPU
		{A003B69C-F0BD-44A6-B58D-7DAC02F1DEE4}.Release|Any CPU.Build.0 = Release|Any CPU
		{C1677245-320A-471D-B745-84B9C00A689F}.Debug|Any CPU.ActiveCfg = Debug|Any CPU
		{C1677245-320A-471D-B745-84B9C00A689F}.Debug|Any CPU.Build.0 = Debug|Any CPU
		{C1677245-320A-471D-B745-84B9C00A689F}.Release|Any CPU.ActiveCfg = Release|Any CPU
		{C1677245-320A-471D-B745-84B9C00A689F}.Release|Any CPU.Build.0 = Release|Any CPU
		{A8D8D827-6B41-4D67-8EF2-86B07ADD6521}.Debug|Any CPU.ActiveCfg = Debug|Any CPU
		{A8D8D827-6B41-4D67-8EF2-86B07ADD6521}.Debug|Any CPU.Build.0 = Debug|Any CPU
		{A8D8D827-6B41-4D67-8EF2-86B07ADD6521}.Release|Any CPU.ActiveCfg = Release|Any CPU
		{A8D8D827-6B41-4D67-8EF2-86B07ADD6521}.Release|Any CPU.Build.0 = Release|Any CPU
		{F33A4946-1414-404A-A3FD-B0B5C1E0C7DC}.Debug|Any CPU.ActiveCfg = Debug|Any CPU
		{F33A4946-1414-404A-A3FD-B0B5C1E0C7DC}.Debug|Any CPU.Build.0 = Debug|Any CPU
		{F33A4946-1414-404A-A3FD-B0B5C1E0C7DC}.Release|Any CPU.ActiveCfg = Release|Any CPU
		{F33A4946-1414-404A-A3FD-B0B5C1E0C7DC}.Release|Any CPU.Build.0 = Release|Any CPU
		{4AEC0073-3502-4F63-9535-137481E873A3}.Debug|Any CPU.ActiveCfg = Debug|Any CPU
		{4AEC0073-3502-4F63-9535-137481E873A3}.Debug|Any CPU.Build.0 = Debug|Any CPU
		{4AEC0073-3502-4F63-9535-137481E873A3}.Release|Any CPU.ActiveCfg = Release|Any CPU
		{4AEC0073-3502-4F63-9535-137481E873A3}.Release|Any CPU.Build.0 = Release|Any CPU
		{1AE47107-8752-4452-80AB-34608C721FE6}.Debug|Any CPU.ActiveCfg = Debug|Any CPU
		{1AE47107-8752-4452-80AB-34608C721FE6}.Debug|Any CPU.Build.0 = Debug|Any CPU
		{1AE47107-8752-4452-80AB-34608C721FE6}.Release|Any CPU.ActiveCfg = Release|Any CPU
		{1AE47107-8752-4452-80AB-34608C721FE6}.Release|Any CPU.Build.0 = Release|Any CPU
		{68D3D284-F24A-4E9E-A95B-FAC211E36E1D}.Debug|Any CPU.ActiveCfg = Debug|Any CPU
		{68D3D284-F24A-4E9E-A95B-FAC211E36E1D}.Debug|Any CPU.Build.0 = Debug|Any CPU
		{68D3D284-F24A-4E9E-A95B-FAC211E36E1D}.Release|Any CPU.ActiveCfg = Release|Any CPU
		{68D3D284-F24A-4E9E-A95B-FAC211E36E1D}.Release|Any CPU.Build.0 = Release|Any CPU
		{BA746AF5-6CE2-4D64-851A-0D67F9858092}.Debug|Any CPU.ActiveCfg = Debug|Any CPU
		{BA746AF5-6CE2-4D64-851A-0D67F9858092}.Debug|Any CPU.Build.0 = Debug|Any CPU
		{BA746AF5-6CE2-4D64-851A-0D67F9858092}.Release|Any CPU.ActiveCfg = Release|Any CPU
		{BA746AF5-6CE2-4D64-851A-0D67F9858092}.Release|Any CPU.Build.0 = Release|Any CPU
		{DA4AA407-F2CC-4E30-9319-0D51E50ECEDE}.Debug|Any CPU.ActiveCfg = Debug|Any CPU
		{DA4AA407-F2CC-4E30-9319-0D51E50ECEDE}.Debug|Any CPU.Build.0 = Debug|Any CPU
		{DA4AA407-F2CC-4E30-9319-0D51E50ECEDE}.Release|Any CPU.ActiveCfg = Release|Any CPU
		{DA4AA407-F2CC-4E30-9319-0D51E50ECEDE}.Release|Any CPU.Build.0 = Release|Any CPU
		{9F40AA4D-F75A-432D-84CA-835B9B917EBD}.Debug|Any CPU.ActiveCfg = Debug|Any CPU
		{9F40AA4D-F75A-432D-84CA-835B9B917EBD}.Debug|Any CPU.Build.0 = Debug|Any CPU
		{9F40AA4D-F75A-432D-84CA-835B9B917EBD}.Release|Any CPU.ActiveCfg = Release|Any CPU
		{9F40AA4D-F75A-432D-84CA-835B9B917EBD}.Release|Any CPU.Build.0 = Release|Any CPU
		{C108B4B7-AA87-4897-80AF-5A30B25A5360}.Debug|Any CPU.ActiveCfg = Debug|Any CPU
		{C108B4B7-AA87-4897-80AF-5A30B25A5360}.Debug|Any CPU.Build.0 = Debug|Any CPU
		{C108B4B7-AA87-4897-80AF-5A30B25A5360}.Release|Any CPU.ActiveCfg = Release|Any CPU
		{C108B4B7-AA87-4897-80AF-5A30B25A5360}.Release|Any CPU.Build.0 = Release|Any CPU
		{71B8E4B7-7392-4DDC-B705-D7C89346CBEF}.Debug|Any CPU.ActiveCfg = Debug|Any CPU
		{71B8E4B7-7392-4DDC-B705-D7C89346CBEF}.Debug|Any CPU.Build.0 = Debug|Any CPU
		{71B8E4B7-7392-4DDC-B705-D7C89346CBEF}.Release|Any CPU.ActiveCfg = Release|Any CPU
		{71B8E4B7-7392-4DDC-B705-D7C89346CBEF}.Release|Any CPU.Build.0 = Release|Any CPU
		{CEAE8C72-DFE6-484E-8960-F6F2ACA761E0}.Debug|Any CPU.ActiveCfg = Debug|Any CPU
		{CEAE8C72-DFE6-484E-8960-F6F2ACA761E0}.Debug|Any CPU.Build.0 = Debug|Any CPU
		{CEAE8C72-DFE6-484E-8960-F6F2ACA761E0}.Release|Any CPU.ActiveCfg = Release|Any CPU
		{CEAE8C72-DFE6-484E-8960-F6F2ACA761E0}.Release|Any CPU.Build.0 = Release|Any CPU
		{C521CF8E-7306-4E2D-9B27-647A363E262B}.Debug|Any CPU.ActiveCfg = Debug|Any CPU
		{C521CF8E-7306-4E2D-9B27-647A363E262B}.Debug|Any CPU.Build.0 = Debug|Any CPU
		{C521CF8E-7306-4E2D-9B27-647A363E262B}.Release|Any CPU.ActiveCfg = Release|Any CPU
		{C521CF8E-7306-4E2D-9B27-647A363E262B}.Release|Any CPU.Build.0 = Release|Any CPU
		{1F20BEFE-A9F6-430E-B65B-462348612A68}.Debug|Any CPU.ActiveCfg = Debug|Any CPU
		{1F20BEFE-A9F6-430E-B65B-462348612A68}.Debug|Any CPU.Build.0 = Debug|Any CPU
		{1F20BEFE-A9F6-430E-B65B-462348612A68}.Release|Any CPU.ActiveCfg = Release|Any CPU
		{1F20BEFE-A9F6-430E-B65B-462348612A68}.Release|Any CPU.Build.0 = Release|Any CPU
		{AEA36E00-5ACD-4BA6-8F29-7EE66E88499E}.Debug|Any CPU.ActiveCfg = Debug|Any CPU
		{AEA36E00-5ACD-4BA6-8F29-7EE66E88499E}.Debug|Any CPU.Build.0 = Debug|Any CPU
		{AEA36E00-5ACD-4BA6-8F29-7EE66E88499E}.Release|Any CPU.ActiveCfg = Release|Any CPU
		{AEA36E00-5ACD-4BA6-8F29-7EE66E88499E}.Release|Any CPU.Build.0 = Release|Any CPU
		{BE5ACB3B-AAA9-424F-B59B-60571EE89E46}.Debug|Any CPU.ActiveCfg = Debug|Any CPU
		{BE5ACB3B-AAA9-424F-B59B-60571EE89E46}.Debug|Any CPU.Build.0 = Debug|Any CPU
		{BE5ACB3B-AAA9-424F-B59B-60571EE89E46}.Release|Any CPU.ActiveCfg = Release|Any CPU
		{BE5ACB3B-AAA9-424F-B59B-60571EE89E46}.Release|Any CPU.Build.0 = Release|Any CPU
		{AFADB919-567B-43A0-A3FC-FACDB4D1C340}.Debug|Any CPU.ActiveCfg = Debug|Any CPU
		{AFADB919-567B-43A0-A3FC-FACDB4D1C340}.Debug|Any CPU.Build.0 = Debug|Any CPU
		{AFADB919-567B-43A0-A3FC-FACDB4D1C340}.Release|Any CPU.ActiveCfg = Release|Any CPU
		{AFADB919-567B-43A0-A3FC-FACDB4D1C340}.Release|Any CPU.Build.0 = Release|Any CPU
		{6014135A-1D65-437A-A065-63D800724FCF}.Debug|Any CPU.ActiveCfg = Debug|Any CPU
		{6014135A-1D65-437A-A065-63D800724FCF}.Debug|Any CPU.Build.0 = Debug|Any CPU
		{6014135A-1D65-437A-A065-63D800724FCF}.Release|Any CPU.ActiveCfg = Release|Any CPU
		{6014135A-1D65-437A-A065-63D800724FCF}.Release|Any CPU.Build.0 = Release|Any CPU
		{A42484AE-2525-4857-891A-B563F7653C98}.Debug|Any CPU.ActiveCfg = Debug|Any CPU
		{A42484AE-2525-4857-891A-B563F7653C98}.Debug|Any CPU.Build.0 = Debug|Any CPU
		{A42484AE-2525-4857-891A-B563F7653C98}.Release|Any CPU.ActiveCfg = Release|Any CPU
		{A42484AE-2525-4857-891A-B563F7653C98}.Release|Any CPU.Build.0 = Release|Any CPU
		{FA9183BC-B7D6-48F3-81C5-118BAF1D2FD6}.Debug|Any CPU.ActiveCfg = Debug|Any CPU
		{FA9183BC-B7D6-48F3-81C5-118BAF1D2FD6}.Debug|Any CPU.Build.0 = Debug|Any CPU
		{FA9183BC-B7D6-48F3-81C5-118BAF1D2FD6}.Release|Any CPU.ActiveCfg = Release|Any CPU
		{FA9183BC-B7D6-48F3-81C5-118BAF1D2FD6}.Release|Any CPU.Build.0 = Release|Any CPU
		{07314CA7-0DFB-422A-8D33-CBA0AC3FA61A}.Debug|Any CPU.ActiveCfg = Debug|Any CPU
		{07314CA7-0DFB-422A-8D33-CBA0AC3FA61A}.Debug|Any CPU.Build.0 = Debug|Any CPU
		{07314CA7-0DFB-422A-8D33-CBA0AC3FA61A}.Release|Any CPU.ActiveCfg = Release|Any CPU
		{07314CA7-0DFB-422A-8D33-CBA0AC3FA61A}.Release|Any CPU.Build.0 = Release|Any CPU
		{955F5228-8DEF-47D1-B6ED-B246DDAE18A8}.Debug|Any CPU.ActiveCfg = Debug|Any CPU
		{955F5228-8DEF-47D1-B6ED-B246DDAE18A8}.Debug|Any CPU.Build.0 = Debug|Any CPU
		{955F5228-8DEF-47D1-B6ED-B246DDAE18A8}.Release|Any CPU.ActiveCfg = Release|Any CPU
		{955F5228-8DEF-47D1-B6ED-B246DDAE18A8}.Release|Any CPU.Build.0 = Release|Any CPU
		{A6282026-4D9C-425F-B401-7375051E810C}.Debug|Any CPU.ActiveCfg = Debug|Any CPU
		{A6282026-4D9C-425F-B401-7375051E810C}.Debug|Any CPU.Build.0 = Debug|Any CPU
		{A6282026-4D9C-425F-B401-7375051E810C}.Release|Any CPU.ActiveCfg = Release|Any CPU
		{A6282026-4D9C-425F-B401-7375051E810C}.Release|Any CPU.Build.0 = Release|Any CPU
		{E5D1A6CF-D4B1-41E6-AC09-E65B4A982ACC}.Debug|Any CPU.ActiveCfg = Debug|Any CPU
		{E5D1A6CF-D4B1-41E6-AC09-E65B4A982ACC}.Debug|Any CPU.Build.0 = Debug|Any CPU
		{E5D1A6CF-D4B1-41E6-AC09-E65B4A982ACC}.Release|Any CPU.ActiveCfg = Release|Any CPU
		{E5D1A6CF-D4B1-41E6-AC09-E65B4A982ACC}.Release|Any CPU.Build.0 = Release|Any CPU
		{5E8ED978-03FA-441C-9136-97A9F39F9AD2}.Debug|Any CPU.ActiveCfg = Debug|Any CPU
		{5E8ED978-03FA-441C-9136-97A9F39F9AD2}.Debug|Any CPU.Build.0 = Debug|Any CPU
		{5E8ED978-03FA-441C-9136-97A9F39F9AD2}.Release|Any CPU.ActiveCfg = Release|Any CPU
		{5E8ED978-03FA-441C-9136-97A9F39F9AD2}.Release|Any CPU.Build.0 = Release|Any CPU
		{8DD67E75-86C2-45D7-B0B6-917E9536386A}.Debug|Any CPU.ActiveCfg = Debug|Any CPU
		{8DD67E75-86C2-45D7-B0B6-917E9536386A}.Debug|Any CPU.Build.0 = Debug|Any CPU
		{8DD67E75-86C2-45D7-B0B6-917E9536386A}.Release|Any CPU.ActiveCfg = Release|Any CPU
		{8DD67E75-86C2-45D7-B0B6-917E9536386A}.Release|Any CPU.Build.0 = Release|Any CPU
		{C401825E-46C4-4ED7-BF18-0C98897FC1C4}.Debug|Any CPU.ActiveCfg = Debug|Any CPU
		{C401825E-46C4-4ED7-BF18-0C98897FC1C4}.Debug|Any CPU.Build.0 = Debug|Any CPU
		{C401825E-46C4-4ED7-BF18-0C98897FC1C4}.Release|Any CPU.ActiveCfg = Release|Any CPU
		{C401825E-46C4-4ED7-BF18-0C98897FC1C4}.Release|Any CPU.Build.0 = Release|Any CPU
		{C80EC9DD-2B9D-4E9A-BE28-8E4C59F70646}.Debug|Any CPU.ActiveCfg = Debug|Any CPU
		{C80EC9DD-2B9D-4E9A-BE28-8E4C59F70646}.Debug|Any CPU.Build.0 = Debug|Any CPU
		{C80EC9DD-2B9D-4E9A-BE28-8E4C59F70646}.Release|Any CPU.ActiveCfg = Release|Any CPU
		{C80EC9DD-2B9D-4E9A-BE28-8E4C59F70646}.Release|Any CPU.Build.0 = Release|Any CPU
		{F4CF337C-D676-4EAB-99EC-D04C35C91F08}.Debug|Any CPU.ActiveCfg = Debug|Any CPU
		{F4CF337C-D676-4EAB-99EC-D04C35C91F08}.Debug|Any CPU.Build.0 = Debug|Any CPU
		{F4CF337C-D676-4EAB-99EC-D04C35C91F08}.Release|Any CPU.ActiveCfg = Release|Any CPU
		{F4CF337C-D676-4EAB-99EC-D04C35C91F08}.Release|Any CPU.Build.0 = Release|Any CPU
		{728A8DBA-8C4D-47FC-9876-6521F0E12724}.Debug|Any CPU.ActiveCfg = Debug|Any CPU
		{728A8DBA-8C4D-47FC-9876-6521F0E12724}.Debug|Any CPU.Build.0 = Debug|Any CPU
		{728A8DBA-8C4D-47FC-9876-6521F0E12724}.Release|Any CPU.ActiveCfg = Release|Any CPU
		{728A8DBA-8C4D-47FC-9876-6521F0E12724}.Release|Any CPU.Build.0 = Release|Any CPU
		{0F2FCA2C-0673-43EE-BFC7-79BA5E062208}.Debug|Any CPU.ActiveCfg = Debug|Any CPU
		{0F2FCA2C-0673-43EE-BFC7-79BA5E062208}.Debug|Any CPU.Build.0 = Debug|Any CPU
		{0F2FCA2C-0673-43EE-BFC7-79BA5E062208}.Release|Any CPU.ActiveCfg = Release|Any CPU
		{0F2FCA2C-0673-43EE-BFC7-79BA5E062208}.Release|Any CPU.Build.0 = Release|Any CPU
	EndGlobalSection
	GlobalSection(SolutionProperties) = preSolution
		HideSolutionNode = FALSE
	EndGlobalSection
	GlobalSection(ExtensibilityGlobals) = postSolution
		SolutionGuid = {8AEF8122-89DD-4648-B3E8-D4803D13E050}
	EndGlobalSection
EndGlobal
