
Microsoft Visual Studio Solution File, Format Version 12.00
# Visual Studio Version 17
VisualStudioVersion = 17.2.32630.192
MinimumVisualStudioVersion = 10.0.40219.1
Project("{9A19103F-16F7-4668-BE54-9A1E7A4F7556}") = "R5T.T0212.Construction", "R5T.T0212.Construction\R5T.T0212.Construction.csproj", "{874964ED-78D9-43D9-ADE2-EBFE62153EC0}"
EndProject
Project("{9A19103F-16F7-4668-BE54-9A1E7A4F7556}") = "R5T.T0212", "R5T.T0212\R5T.T0212.csproj", "{D6D26F07-F990-469F-8CCC-83D2A70CFD7D}"
EndProject
Project("{2150E333-8FDC-42A3-9474-1A3956D46DE8}") = "_Dependencies", "_Dependencies", "{7132245F-380F-47ED-9C89-D5DD1C6E8060}"
EndProject
Project("{9A19103F-16F7-4668-BE54-9A1E7A4F7556}") = "R5T.T0132", "..\..\R5T.T0132\source\R5T.T0132\R5T.T0132.csproj", "{BE9CDAF3-45D5-4FEF-963C-CFB789ECFBDC}"
EndProject
Project("{9A19103F-16F7-4668-BE54-9A1E7A4F7556}") = "R5T.T0143", "..\..\R5T.T0143\source\R5T.T0143\R5T.T0143.csproj", "{6506341B-A029-4DD7-B700-B09F46364CB5}"
EndProject
Project("{9A19103F-16F7-4668-BE54-9A1E7A4F7556}") = "R5T.T0178", "..\..\R5T.T0178\source\R5T.T0178\R5T.T0178.csproj", "{B30520B0-EC96-4D02-ACC7-D0521A3D72CA}"
EndProject
Project("{9A19103F-16F7-4668-BE54-9A1E7A4F7556}") = "R5T.T0179", "..\..\R5T.T0179\source\R5T.T0179\R5T.T0179.csproj", "{04989EB7-5ED1-4069-A858-1ECA6A5B47B4}"
EndProject
Project("{9A19103F-16F7-4668-BE54-9A1E7A4F7556}") = "R5T.T0185", "..\..\R5T.T0185\source\R5T.T0185\R5T.T0185.csproj", "{B852F01B-6553-49DE-BD81-2C8DE80C8DE5}"
EndProject
Project("{9A19103F-16F7-4668-BE54-9A1E7A4F7556}") = "R5T.T0203", "..\..\R5T.T0203\source\R5T.T0203\R5T.T0203.csproj", "{6A5CCA9E-1CA8-4687-A49C-C3F5F1752C4E}"
EndProject
Global
	GlobalSection(NestedProjects) = preSolution
		{BE9CDAF3-45D5-4FEF-963C-CFB789ECFBDC} = {7132245F-380F-47ED-9C89-D5DD1C6E8060}
		{6506341B-A029-4DD7-B700-B09F46364CB5} = {7132245F-380F-47ED-9C89-D5DD1C6E8060}
		{B30520B0-EC96-4D02-ACC7-D0521A3D72CA} = {7132245F-380F-47ED-9C89-D5DD1C6E8060}
		{04989EB7-5ED1-4069-A858-1ECA6A5B47B4} = {7132245F-380F-47ED-9C89-D5DD1C6E8060}
		{B852F01B-6553-49DE-BD81-2C8DE80C8DE5} = {7132245F-380F-47ED-9C89-D5DD1C6E8060}
		{6A5CCA9E-1CA8-4687-A49C-C3F5F1752C4E} = {7132245F-380F-47ED-9C89-D5DD1C6E8060}
	EndGlobalSection
	GlobalSection(SolutionConfigurationPlatforms) = preSolution
		Debug|Any CPU = Debug|Any CPU
		Release|Any CPU = Release|Any CPU
	EndGlobalSection
	GlobalSection(ProjectConfigurationPlatforms) = postSolution
		{874964ED-78D9-43D9-ADE2-EBFE62153EC0}.Debug|Any CPU.ActiveCfg = Debug|Any CPU
		{874964ED-78D9-43D9-ADE2-EBFE62153EC0}.Debug|Any CPU.Build.0 = Debug|Any CPU
		{874964ED-78D9-43D9-ADE2-EBFE62153EC0}.Release|Any CPU.ActiveCfg = Release|Any CPU
		{874964ED-78D9-43D9-ADE2-EBFE62153EC0}.Release|Any CPU.Build.0 = Release|Any CPU
		{D6D26F07-F990-469F-8CCC-83D2A70CFD7D}.Debug|Any CPU.ActiveCfg = Debug|Any CPU
		{D6D26F07-F990-469F-8CCC-83D2A70CFD7D}.Debug|Any CPU.Build.0 = Debug|Any CPU
		{D6D26F07-F990-469F-8CCC-83D2A70CFD7D}.Release|Any CPU.ActiveCfg = Release|Any CPU
		{D6D26F07-F990-469F-8CCC-83D2A70CFD7D}.Release|Any CPU.Build.0 = Release|Any CPU
		{BE9CDAF3-45D5-4FEF-963C-CFB789ECFBDC}.Debug|Any CPU.ActiveCfg = Debug|Any CPU
		{BE9CDAF3-45D5-4FEF-963C-CFB789ECFBDC}.Debug|Any CPU.Build.0 = Debug|Any CPU
		{BE9CDAF3-45D5-4FEF-963C-CFB789ECFBDC}.Release|Any CPU.ActiveCfg = Release|Any CPU
		{BE9CDAF3-45D5-4FEF-963C-CFB789ECFBDC}.Release|Any CPU.Build.0 = Release|Any CPU
		{6506341B-A029-4DD7-B700-B09F46364CB5}.Debug|Any CPU.ActiveCfg = Debug|Any CPU
		{6506341B-A029-4DD7-B700-B09F46364CB5}.Debug|Any CPU.Build.0 = Debug|Any CPU
		{6506341B-A029-4DD7-B700-B09F46364CB5}.Release|Any CPU.ActiveCfg = Release|Any CPU
		{6506341B-A029-4DD7-B700-B09F46364CB5}.Release|Any CPU.Build.0 = Release|Any CPU
		{B30520B0-EC96-4D02-ACC7-D0521A3D72CA}.Debug|Any CPU.ActiveCfg = Debug|Any CPU
		{B30520B0-EC96-4D02-ACC7-D0521A3D72CA}.Debug|Any CPU.Build.0 = Debug|Any CPU
		{B30520B0-EC96-4D02-ACC7-D0521A3D72CA}.Release|Any CPU.ActiveCfg = Release|Any CPU
		{B30520B0-EC96-4D02-ACC7-D0521A3D72CA}.Release|Any CPU.Build.0 = Release|Any CPU
		{04989EB7-5ED1-4069-A858-1ECA6A5B47B4}.Debug|Any CPU.ActiveCfg = Debug|Any CPU
		{04989EB7-5ED1-4069-A858-1ECA6A5B47B4}.Debug|Any CPU.Build.0 = Debug|Any CPU
		{04989EB7-5ED1-4069-A858-1ECA6A5B47B4}.Release|Any CPU.ActiveCfg = Release|Any CPU
		{04989EB7-5ED1-4069-A858-1ECA6A5B47B4}.Release|Any CPU.Build.0 = Release|Any CPU
		{B852F01B-6553-49DE-BD81-2C8DE80C8DE5}.Debug|Any CPU.ActiveCfg = Debug|Any CPU
		{B852F01B-6553-49DE-BD81-2C8DE80C8DE5}.Debug|Any CPU.Build.0 = Debug|Any CPU
		{B852F01B-6553-49DE-BD81-2C8DE80C8DE5}.Release|Any CPU.ActiveCfg = Release|Any CPU
		{B852F01B-6553-49DE-BD81-2C8DE80C8DE5}.Release|Any CPU.Build.0 = Release|Any CPU
		{6A5CCA9E-1CA8-4687-A49C-C3F5F1752C4E}.Debug|Any CPU.ActiveCfg = Debug|Any CPU
		{6A5CCA9E-1CA8-4687-A49C-C3F5F1752C4E}.Debug|Any CPU.Build.0 = Debug|Any CPU
		{6A5CCA9E-1CA8-4687-A49C-C3F5F1752C4E}.Release|Any CPU.ActiveCfg = Release|Any CPU
		{6A5CCA9E-1CA8-4687-A49C-C3F5F1752C4E}.Release|Any CPU.Build.0 = Release|Any CPU
	EndGlobalSection
	GlobalSection(SolutionProperties) = preSolution
		HideSolutionNode = FALSE
	EndGlobalSection
	GlobalSection(ExtensibilityGlobals) = postSolution
		SolutionGuid = {15FEF09C-E03C-4BB8-BE42-61382EA4C1BB}
	EndGlobalSection
EndGlobal
